// !$*UTF8*$!
{
	archiveVersion = 1;
	classes = {
	};
	objectVersion = 46;
	objects = {

/* Begin PBXBuildFile section */
		1BCB8ADA1A7F4DEB00AF8C3F /* main.m in Sources */ = {isa = PBXBuildFile; fileRef = 1BCB8AD91A7F4DEB00AF8C3F /* main.m */; };
		1BCB8ADD1A7F4DEB00AF8C3F /* AppDelegate.m in Sources */ = {isa = PBXBuildFile; fileRef = 1BCB8ADC1A7F4DEB00AF8C3F /* AppDelegate.m */; };
		1BCB8AE01A7F4DEB00AF8C3F /* ViewController.m in Sources */ = {isa = PBXBuildFile; fileRef = 1BCB8ADF1A7F4DEB00AF8C3F /* ViewController.m */; };
		1BCB8AE31A7F4DEB00AF8C3F /* Main.storyboard in Resources */ = {isa = PBXBuildFile; fileRef = 1BCB8AE11A7F4DEB00AF8C3F /* Main.storyboard */; };
		1BCB8AE51A7F4DEB00AF8C3F /* Images.xcassets in Resources */ = {isa = PBXBuildFile; fileRef = 1BCB8AE41A7F4DEB00AF8C3F /* Images.xcassets */; };
		1BCB8AE81A7F4DEB00AF8C3F /* LaunchScreen.xib in Resources */ = {isa = PBXBuildFile; fileRef = 1BCB8AE61A7F4DEB00AF8C3F /* LaunchScreen.xib */; };
		1BCB8AF41A7F4DEC00AF8C3F /* SampleSearchAPITests.m in Sources */ = {isa = PBXBuildFile; fileRef = 1BCB8AF31A7F4DEC00AF8C3F /* SampleSearchAPITests.m */; };
/* End PBXBuildFile section */

/* Begin PBXContainerItemProxy section */
		1BCB8AEE1A7F4DEB00AF8C3F /* PBXContainerItemProxy */ = {
			isa = PBXContainerItemProxy;
			containerPortal = 1BCB8ACC1A7F4DEB00AF8C3F /* Project object */;
			proxyType = 1;
			remoteGlobalIDString = 1BCB8AD31A7F4DEB00AF8C3F;
			remoteInfo = SampleSearchAPI;
		};
/* End PBXContainerItemProxy section */

/* Begin PBXFileReference section */
		1BCB8AD41A7F4DEB00AF8C3F /* SampleSearchAPI.app */ = {isa = PBXFileReference; explicitFileType = wrapper.application; includeInIndex = 0; path = SampleSearchAPI.app; sourceTree = BUILT_PRODUCTS_DIR; };
		1BCB8AD81A7F4DEB00AF8C3F /* Info.plist */ = {isa = PBXFileReference; lastKnownFileType = text.plist.xml; path = Info.plist; sourceTree = "<group>"; };
		1BCB8AD91A7F4DEB00AF8C3F /* main.m */ = {isa = PBXFileReference; lastKnownFileType = sourcecode.c.objc; path = main.m; sourceTree = "<group>"; };
		1BCB8ADB1A7F4DEB00AF8C3F /* AppDelegate.h */ = {isa = PBXFileReference; lastKnownFileType = sourcecode.c.h; path = AppDelegate.h; sourceTree = "<group>"; };
		1BCB8ADC1A7F4DEB00AF8C3F /* AppDelegate.m */ = {isa = PBXFileReference; lastKnownFileType = sourcecode.c.objc; path = AppDelegate.m; sourceTree = "<group>"; };
		1BCB8ADE1A7F4DEB00AF8C3F /* ViewController.h */ = {isa = PBXFileReference; lastKnownFileType = sourcecode.c.h; path = ViewController.h; sourceTree = "<group>"; };
		1BCB8ADF1A7F4DEB00AF8C3F /* ViewController.m */ = {isa = PBXFileReference; lastKnownFileType = sourcecode.c.objc; path = ViewController.m; sourceTree = "<group>"; };
		1BCB8AE21A7F4DEB00AF8C3F /* Base */ = {isa = PBXFileReference; lastKnownFileType = file.storyboard; name = Base; path = Base.lproj/Main.storyboard; sourceTree = "<group>"; };
		1BCB8AE41A7F4DEB00AF8C3F /* Images.xcassets */ = {isa = PBXFileReference; lastKnownFileType = folder.assetcatalog; path = Images.xcassets; sourceTree = "<group>"; };
		1BCB8AE71A7F4DEB00AF8C3F /* Base */ = {isa = PBXFileReference; lastKnownFileType = file.xib; name = Base; path = Base.lproj/LaunchScreen.xib; sourceTree = "<group>"; };
		1BCB8AED1A7F4DEB00AF8C3F /* SampleSearchAPITests.xctest */ = {isa = PBXFileReference; explicitFileType = wrapper.cfbundle; includeInIndex = 0; path = SampleSearchAPITests.xctest; sourceTree = BUILT_PRODUCTS_DIR; };
		1BCB8AF21A7F4DEB00AF8C3F /* Info.plist */ = {isa = PBXFileReference; lastKnownFileType = text.plist.xml; path = Info.plist; sourceTree = "<group>"; };
		1BCB8AF31A7F4DEC00AF8C3F /* SampleSearchAPITests.m */ = {isa = PBXFileReference; lastKnownFileType = sourcecode.c.objc; path = SampleSearchAPITests.m; sourceTree = "<group>"; };
/* End PBXFileReference section */

/* Begin PBXFrameworksBuildPhase section */
		1BCB8AD11A7F4DEB00AF8C3F /* Frameworks */ = {
			isa = PBXFrameworksBuildPhase;
			buildActionMask = 2147483647;
			files = (
			);
			runOnlyForDeploymentPostprocessing = 0;
		};
		1BCB8AEA1A7F4DEB00AF8C3F /* Frameworks */ = {
			isa = PBXFrameworksBuildPhase;
			buildActionMask = 2147483647;
			files = (
			);
			runOnlyForDeploymentPostprocessing = 0;
		};
/* End PBXFrameworksBuildPhase section */

/* Begin PBXGroup section */
		1BCB8ACB1A7F4DEB00AF8C3F = {
			isa = PBXGroup;
			children = (
				1BCB8AD61A7F4DEB00AF8C3F /* SampleSearchAPI */,
				1BCB8AF01A7F4DEB00AF8C3F /* SampleSearchAPITests */,
				1BCB8AD51A7F4DEB00AF8C3F /* Products */,
			);
			sourceTree = "<group>";
		};
		1BCB8AD51A7F4DEB00AF8C3F /* Products */ = {
			isa = PBXGroup;
			children = (
				1BCB8AD41A7F4DEB00AF8C3F /* SampleSearchAPI.app */,
				1BCB8AED1A7F4DEB00AF8C3F /* SampleSearchAPITests.xctest */,
			);
			name = Products;
			sourceTree = "<group>";
		};
		1BCB8AD61A7F4DEB00AF8C3F /* SampleSearchAPI */ = {
			isa = PBXGroup;
			children = (
				1BCB8ADB1A7F4DEB00AF8C3F /* AppDelegate.h */,
				1BCB8ADC1A7F4DEB00AF8C3F /* AppDelegate.m */,
				1BCB8ADE1A7F4DEB00AF8C3F /* ViewController.h */,
				1BCB8ADF1A7F4DEB00AF8C3F /* ViewController.m */,
				1BCB8AE11A7F4DEB00AF8C3F /* Main.storyboard */,
				1BCB8AE41A7F4DEB00AF8C3F /* Images.xcassets */,
				1BCB8AE61A7F4DEB00AF8C3F /* LaunchScreen.xib */,
				1BCB8AD71A7F4DEB00AF8C3F /* Supporting Files */,
			);
			path = SampleSearchAPI;
			sourceTree = "<group>";
		};
		1BCB8AD71A7F4DEB00AF8C3F /* Supporting Files */ = {
			isa = PBXGroup;
			children = (
				1BCB8AD81A7F4DEB00AF8C3F /* Info.plist */,
				1BCB8AD91A7F4DEB00AF8C3F /* main.m */,
			);
			name = "Supporting Files";
			sourceTree = "<group>";
		};
		1BCB8AF01A7F4DEB00AF8C3F /* SampleSearchAPITests */ = {
			isa = PBXGroup;
			children = (
				1BCB8AF31A7F4DEC00AF8C3F /* SampleSearchAPITests.m */,
				1BCB8AF11A7F4DEB00AF8C3F /* Supporting Files */,
			);
			path = SampleSearchAPITests;
			sourceTree = "<group>";
		};
		1BCB8AF11A7F4DEB00AF8C3F /* Supporting Files */ = {
			isa = PBXGroup;
			children = (
				1BCB8AF21A7F4DEB00AF8C3F /* Info.plist */,
			);
			name = "Supporting Files";
			sourceTree = "<group>";
		};
/* End PBXGroup section */

/* Begin PBXNativeTarget section */
		1BCB8AD31A7F4DEB00AF8C3F /* SampleSearchAPI */ = {
			isa = PBXNativeTarget;
			buildConfigurationList = 1BCB8AF71A7F4DEC00AF8C3F /* Build configuration list for PBXNativeTarget "SampleSearchAPI" */;
			buildPhases = (
				1BCB8AD01A7F4DEB00AF8C3F /* Sources */,
				1BCB8AD11A7F4DEB00AF8C3F /* Frameworks */,
				1BCB8AD21A7F4DEB00AF8C3F /* Resources */,
			);
			buildRules = (
			);
			dependencies = (
			);
			name = SampleSearchAPI;
			productName = SampleSearchAPI;
			productReference = 1BCB8AD41A7F4DEB00AF8C3F /* SampleSearchAPI.app */;
			productType = "com.apple.product-type.application";
		};
		1BCB8AEC1A7F4DEB00AF8C3F /* SampleSearchAPITests */ = {
			isa = PBXNativeTarget;
			buildConfigurationList = 1BCB8AFA1A7F4DEC00AF8C3F /* Build configuration list for PBXNativeTarget "SampleSearchAPITests" */;
			buildPhases = (
				1BCB8AE91A7F4DEB00AF8C3F /* Sources */,
				1BCB8AEA1A7F4DEB00AF8C3F /* Frameworks */,
				1BCB8AEB1A7F4DEB00AF8C3F /* Resources */,
			);
			buildRules = (
			);
			dependencies = (
				1BCB8AEF1A7F4DEB00AF8C3F /* PBXTargetDependency */,
			);
			name = SampleSearchAPITests;
			productName = SampleSearchAPITests;
			productReference = 1BCB8AED1A7F4DEB00AF8C3F /* SampleSearchAPITests.xctest */;
			productType = "com.apple.product-type.bundle.unit-test";
		};
/* End PBXNativeTarget section */

/* Begin PBXProject section */
		1BCB8ACC1A7F4DEB00AF8C3F /* Project object */ = {
			isa = PBXProject;
			attributes = {
				LastUpgradeCheck = 0610;
				ORGANIZATIONNAME = "Eriko Ichinohe";
				TargetAttributes = {
					1BCB8AD31A7F4DEB00AF8C3F = {
						CreatedOnToolsVersion = 6.1.1;
					};
					1BCB8AEC1A7F4DEB00AF8C3F = {
						CreatedOnToolsVersion = 6.1.1;
						TestTargetID = 1BCB8AD31A7F4DEB00AF8C3F;
					};
				};
			};
			buildConfigurationList = 1BCB8ACF1A7F4DEB00AF8C3F /* Build configuration list for PBXProject "SampleSearchAPI" */;
			compatibilityVersion = "Xcode 3.2";
			developmentRegion = English;
			hasScannedForEncodings = 0;
			knownRegions = (
				en,
				Base,
			);
			mainGroup = 1BCB8ACB1A7F4DEB00AF8C3F;
			productRefGroup = 1BCB8AD51A7F4DEB00AF8C3F /* Products */;
			projectDirPath = "";
			projectRoot = "";
			targets = (
				1BCB8AD31A7F4DEB00AF8C3F /* SampleSearchAPI */,
				1BCB8AEC1A7F4DEB00AF8C3F /* SampleSearchAPITests */,
			);
		};
/* End PBXProject section */

/* Begin PBXResourcesBuildPhase section */
		1BCB8AD21A7F4DEB00AF8C3F /* Resources */ = {
			isa = PBXResourcesBuildPhase;
			buildActionMask = 2147483647;
			files = (
				1BCB8AE31A7F4DEB00AF8C3F /* Main.storyboard in Resources */,
				1BCB8AE81A7F4DEB00AF8C3F /* LaunchScreen.xib in Resources */,
				1BCB8AE51A7F4DEB00AF8C3F /* Images.xcassets in Resources */,
			);
			runOnlyForDeploymentPostprocessing = 0;
		};
		1BCB8AEB1A7F4DEB00AF8C3F /* Resources */ = {
			isa = PBXResourcesBuildPhase;
			buildActionMask = 2147483647;
			files = (
			);
			runOnlyForDeploymentPostprocessing = 0;
		};
/* End PBXResourcesBuildPhase section */

/* Begin PBXSourcesBuildPhase section */
		1BCB8AD01A7F4DEB00AF8C3F /* Sources */ = {
			isa = PBXSourcesBuildPhase;
			buildActionMask = 2147483647;
			files = (
				1BCB8AE01A7F4DEB00AF8C3F /* ViewController.m in Sources */,
				1BCB8ADD1A7F4DEB00AF8C3F /* AppDelegate.m in Sources */,
				1BCB8ADA1A7F4DEB00AF8C3F /* main.m in Sources */,
			);
			runOnlyForDeploymentPostprocessing = 0;
		};
		1BCB8AE91A7F4DEB00AF8C3F /* Sources */ = {
			isa = PBXSourcesBuildPhase;
			buildActionMask = 2147483647;
			files = (
				1BCB8AF41A7F4DEC00AF8C3F /* SampleSearchAPITests.m in Sources */,
			);
			runOnlyForDeploymentPostprocessing = 0;
		};
/* End PBXSourcesBuildPhase section */

/* Begin PBXTargetDependency section */
		1BCB8AEF1A7F4DEB00AF8C3F /* PBXTargetDependency */ = {
			isa = PBXTargetDependency;
			target = 1BCB8AD31A7F4DEB00AF8C3F /* SampleSearchAPI */;
			targetProxy = 1BCB8AEE1A7F4DEB00AF8C3F /* PBXContainerItemProxy */;
		};
/* End PBXTargetDependency section */

/* Begin PBXVariantGroup section */
		1BCB8AE11A7F4DEB00AF8C3F /* Main.storyboard */ = {
			isa = PBXVariantGroup;
			children = (
				1BCB8AE21A7F4DEB00AF8C3F /* Base */,
			);
			name = Main.storyboard;
			sourceTree = "<group>";
		};
		1BCB8AE61A7F4DEB00AF8C3F /* LaunchScreen.xib */ = {
			isa = PBXVariantGroup;
			children = (
				1BCB8AE71A7F4DEB00AF8C3F /* Base */,
			);
			name = LaunchScreen.xib;
			sourceTree = "<group>";
		};
/* End PBXVariantGroup section */

/* Begin XCBuildConfiguration section */
		1BCB8AF51A7F4DEC00AF8C3F /* Debug */ = {
			isa = XCBuildConfiguration;
			buildSettings = {
				ALWAYS_SEARCH_USER_PATHS = NO;
				CLANG_CXX_LANGUAGE_STANDARD = "gnu++0x";
				CLANG_CXX_LIBRARY = "libc++";
				CLANG_ENABLE_MODULES = YES;
				CLANG_ENABLE_OBJC_ARC = YES;
				CLANG_WARN_BOOL_CONVERSION = YES;
				CLANG_WARN_CONSTANT_CONVERSION = YES;
				CLANG_WARN_DIRECT_OBJC_ISA_USAGE = YES_ERROR;
				CLANG_WARN_EMPTY_BODY = YES;
				CLANG_WARN_ENUM_CONVERSION = YES;
				CLANG_WARN_INT_CONVERSION = YES;
				CLANG_WARN_OBJC_ROOT_CLASS = YES_ERROR;
				CLANG_WARN_UNREACHABLE_CODE = YES;
				CLANG_WARN__DUPLICATE_METHOD_MATCH = YES;
				"CODE_SIGN_IDENTITY[sdk=iphoneos*]" = "iPhone Developer";
				COPY_PHASE_STRIP = NO;
				ENABLE_STRICT_OBJC_MSGSEND = YES;
				GCC_C_LANGUAGE_STANDARD = gnu99;
				GCC_DYNAMIC_NO_PIC = NO;
				GCC_OPTIMIZATION_LEVEL = 0;
				GCC_PREPROCESSOR_DEFINITIONS = (
					"DEBUG=1",
					"$(inherited)",
				);
				GCC_SYMBOLS_PRIVATE_EXTERN = NO;
				GCC_WARN_64_TO_32_BIT_CONVERSION = YES;
				GCC_WARN_ABOUT_RETURN_TYPE = YES_ERROR;
				GCC_WARN_UNDECLARED_SELECTOR = YES;
				GCC_WARN_UNINITIALIZED_AUTOS = YES_AGGRESSIVE;
				GCC_WARN_UNUSED_FUNCTION = YES;
				GCC_WARN_UNUSED_VARIABLE = YES;
				IPHONEOS_DEPLOYMENT_TARGET = 8.1;
				MTL_ENABLE_DEBUG_INFO = YES;
				ONLY_ACTIVE_ARCH = YES;
				SDKROOT = iphoneos;
			};
			name = Debug;
		};
		1BCB8AF61A7F4DEC00AF8C3F /* Release */ = {
			isa = XCBuildConfiguration;
			buildSettings = {
				ALWAYS_SEARCH_USER_PATHS = NO;
				CLANG_CXX_LANGUAGE_STANDARD = "gnu++0x";
				CLANG_CXX_LIBRARY = "libc++";
				CLANG_ENABLE_MODULES = YES;
				CLANG_ENABLE_OBJC_ARC = YES;
				CLANG_WARN_BOOL_CONVERSION = YES;
				CLANG_WARN_CONSTANT_CONVERSION = YES;
				CLANG_WARN_DIRECT_OBJC_ISA_USAGE = YES_ERROR;
				CLANG_WARN_EMPTY_BODY = YES;
				CLANG_WARN_ENUM_CONVERSION = YES;
				CLANG_WARN_INT_CONVERSION = YES;
				CLANG_WARN_OBJC_ROOT_CLASS = YES_ERROR;
				CLANG_WARN_UNREACHABLE_CODE = YES;
				CLANG_WARN__DUPLICATE_METHOD_MATCH = YES;
				"CODE_SIGN_IDENTITY[sdk=iphoneos*]" = "iPhone Developer";
				COPY_PHASE_STRIP = YES;
				ENABLE_NS_ASSERTIONS = NO;
				ENABLE_STRICT_OBJC_MSGSEND = YES;
				GCC_C_LANGUAGE_STANDARD = gnu99;
				GCC_WARN_64_TO_32_BIT_CONVERSION = YES;
				GCC_WARN_ABOUT_RETURN_TYPE = YES_ERROR;
				GCC_WARN_UNDECLARED_SELECTOR = YES;
				GCC_WARN_UNINITIALIZED_AUTOS = YES_AGGRESSIVE;
				GCC_WARN_UNUSED_FUNCTION = YES;
				GCC_WARN_UNUSED_VARIABLE = YES;
				IPHONEOS_DEPLOYMENT_TARGET = 8.1;
				MTL_ENABLE_DEBUG_INFO = NO;
				SDKROOT = iphoneos;
				VALIDATE_PRODUCT = YES;
			};
			name = Release;
		};
		1BCB8AF81A7F4DEC00AF8C3F /* Debug */ = {
			isa = XCBuildConfiguration;
			buildSettings = {
				ASSETCATALOG_COMPILER_APPICON_NAME = AppIcon;
				INFOPLIST_FILE = SampleSearchAPI/Info.plist;
				LD_RUNPATH_SEARCH_PATHS = "$(inherited) @executable_path/Frameworks";
				PRODUCT_NAME = "$(TARGET_NAME)";
			};
			name = Debug;
		};
		1BCB8AF91A7F4DEC00AF8C3F /* Release */ = {
			isa = XCBuildConfiguration;
			buildSettings = {
				ASSETCATALOG_COMPILER_APPICON_NAME = AppIcon;
				INFOPLIST_FILE = SampleSearchAPI/Info.plist;
				LD_RUNPATH_SEARCH_PATHS = "$(inherited) @executable_path/Frameworks";
				PRODUCT_NAME = "$(TARGET_NAME)";
			};
			name = Release;
		};
		1BCB8AFB1A7F4DEC00AF8C3F /* Debug */ = {
			isa = XCBuildConfiguration;
			buildSettings = {
				BUNDLE_LOADER = "$(TEST_HOST)";
				FRAMEWORK_SEARCH_PATHS = (
					"$(SDKROOT)/Developer/Library/Frameworks",
					"$(inherited)",
				);
				GCC_PREPROCESSOR_DEFINITIONS = (
					"DEBUG=1",
					"$(inherited)",
				);
				INFOPLIST_FILE = SampleSearchAPITests/Info.plist;
				LD_RUNPATH_SEARCH_PATHS = "$(inherited) @executable_path/Frameworks @loader_path/Frameworks";
				PRODUCT_NAME = "$(TARGET_NAME)";
				TEST_HOST = "$(BUILT_PRODUCTS_DIR)/SampleSearchAPI.app/SampleSearchAPI";
			};
			name = Debug;
		};
		1BCB8AFC1A7F4DEC00AF8C3F /* Release */ = {
			isa = XCBuildConfiguration;
			buildSettings = {
				BUNDLE_LOADER = "$(TEST_HOST)";
				FRAMEWORK_SEARCH_PATHS = (
					"$(SDKROOT)/Developer/Library/Frameworks",
					"$(inherited)",
				);
				INFOPLIST_FILE = SampleSearchAPITests/Info.plist;
				LD_RUNPATH_SEARCH_PATHS = "$(inherited) @executable_path/Frameworks @loader_path/Frameworks";
				PRODUCT_NAME = "$(TARGET_NAME)";
				TEST_HOST = "$(BUILT_PRODUCTS_DIR)/SampleSearchAPI.app/SampleSearchAPI";
			};
			name = Release;
		};
/* End XCBuildConfiguration section */

/* Begin XCConfigurationList section */
		1BCB8ACF1A7F4DEB00AF8C3F /* Build configuration list for PBXProject "SampleSearchAPI" */ = {
			isa = XCConfigurationList;
			buildConfigurations = (
				1BCB8AF51A7F4DEC00AF8C3F /* Debug */,
				1BCB8AF61A7F4DEC00AF8C3F /* Release */,
			);
			defaultConfigurationIsVisible = 0;
			defaultConfigurationName = Release;
		};
		1BCB8AF71A7F4DEC00AF8C3F /* Build configuration list for PBXNativeTarget "SampleSearchAPI" */ = {
			isa = XCConfigurationList;
			buildConfigurations = (
				1BCB8AF81A7F4DEC00AF8C3F /* Debug */,
				1BCB8AF91A7F4DEC00AF8C3F /* Release */,
			);
			defaultConfigurationIsVisible = 0;
		};
		1BCB8AFA1A7F4DEC00AF8C3F /* Build configuration list for PBXNativeTarget "SampleSearchAPITests" */ = {
			isa = XCConfigurationList;
			buildConfigurations = (
				1BCB8AFB1A7F4DEC00AF8C3F /* Debug */,
				1BCB8AFC1A7F4DEC00AF8C3F /* Release */,
			);
			defaultConfigurationIsVisible = 0;
		};
/* End XCConfigurationList section */
	};
	rootObject = 1BCB8ACC1A7F4DEB00AF8C3F /* Project object */;
}
